
Microsoft Visual Studio Solution File, Format Version 12.00
# Visual Studio Version 17
VisualStudioVersion = 17.0.31612.314
MinimumVisualStudioVersion = 10.0.40219.1
Project("{9A19103F-16F7-4668-BE54-9A1E7A4F7556}") = "Demo_Jwt", "Demo_Jwt\Demo_Jwt.csproj", "{62EF516F-C799-43C5-9966-6A01E1F2AA5F}"
EndProject
Project("{9A19103F-16F7-4668-BE54-9A1E7A4F7556}") = "Demo_Serilog", "Demo_Serilog\Demo_Serilog.csproj", "{400D6228-FD58-4925-9B84-0460C2C5DAB3}"
EndProject
Project("{9A19103F-16F7-4668-BE54-9A1E7A4F7556}") = "Demo_Autofac", "Demo_Autofac\Demo_Autofac.csproj", "{B7D7686A-736C-411C-AAD9-72EE83E4BD38}"
EndProject
Project("{9A19103F-16F7-4668-BE54-9A1E7A4F7556}") = "Demo_AspNetCoreRateLimit", "Demo_AspNetCoreRateLimit\Demo_AspNetCoreRateLimit.csproj", "{2FD384DB-3781-4A21-8AB8-50BE44F042A2}"
EndProject
Project("{9A19103F-16F7-4668-BE54-9A1E7A4F7556}") = "Demo_EFCore", "Demo_EFCore\Demo_EFCore.csproj", "{EF10375C-50C7-4CF5-8574-3FF7AD35CDFC}"
EndProject
Global
	GlobalSection(SolutionConfigurationPlatforms) = preSolution
		Debug|Any CPU = Debug|Any CPU
		Release|Any CPU = Release|Any CPU
	EndGlobalSection
	GlobalSection(ProjectConfigurationPlatforms) = postSolution
		{62EF516F-C799-43C5-9966-6A01E1F2AA5F}.Debug|Any CPU.ActiveCfg = Debug|Any CPU
		{62EF516F-C799-43C5-9966-6A01E1F2AA5F}.Debug|Any CPU.Build.0 = Debug|Any CPU
		{62EF516F-C799-43C5-9966-6A01E1F2AA5F}.Release|Any CPU.ActiveCfg = Release|Any CPU
		{62EF516F-C799-43C5-9966-6A01E1F2AA5F}.Release|Any CPU.Build.0 = Release|Any CPU
		{400D6228-FD58-4925-9B84-0460C2C5DAB3}.Debug|Any CPU.ActiveCfg = Debug|Any CPU
		{400D6228-FD58-4925-9B84-0460C2C5DAB3}.Debug|Any CPU.Build.0 = Debug|Any CPU
		{400D6228-FD58-4925-9B84-0460C2C5DAB3}.Release|Any CPU.ActiveCfg = Release|Any CPU
		{400D6228-FD58-4925-9B84-0460C2C5DAB3}.Release|Any CPU.Build.0 = Release|Any CPU
		{B7D7686A-736C-411C-AAD9-72EE83E4BD38}.Debug|Any CPU.ActiveCfg = Debug|Any CPU
		{B7D7686A-736C-411C-AAD9-72EE83E4BD38}.Debug|Any CPU.Build.0 = Debug|Any CPU
		{B7D7686A-736C-411C-AAD9-72EE83E4BD38}.Release|Any CPU.ActiveCfg = Release|Any CPU
		{B7D7686A-736C-411C-AAD9-72EE83E4BD38}.Release|Any CPU.Build.0 = Release|Any CPU
		{2FD384DB-3781-4A21-8AB8-50BE44F042A2}.Debug|Any CPU.ActiveCfg = Debug|Any CPU
		{2FD384DB-3781-4A21-8AB8-50BE44F042A2}.Debug|Any CPU.Build.0 = Debug|Any CPU
		{2FD384DB-3781-4A21-8AB8-50BE44F042A2}.Release|Any CPU.ActiveCfg = Release|Any CPU
		{2FD384DB-3781-4A21-8AB8-50BE44F042A2}.Release|Any CPU.Build.0 = Release|Any CPU
		{EF10375C-50C7-4CF5-8574-3FF7AD35CDFC}.Debug|Any CPU.ActiveCfg = Debug|Any CPU
		{EF10375C-50C7-4CF5-8574-3FF7AD35CDFC}.Debug|Any CPU.Build.0 = Debug|Any CPU
		{EF10375C-50C7-4CF5-8574-3FF7AD35CDFC}.Release|Any CPU.ActiveCfg = Release|Any CPU
		{EF10375C-50C7-4CF5-8574-3FF7AD35CDFC}.Release|Any CPU.Build.0 = Release|Any CPU
	EndGlobalSection
	GlobalSection(SolutionProperties) = preSolution
		HideSolutionNode = FALSE
	EndGlobalSection
	GlobalSection(ExtensibilityGlobals) = postSolution
		SolutionGuid = {66280F7A-94AA-4496-9CC0-A9D526C2EA91}
	EndGlobalSection
EndGlobal
